
Microsoft Visual Studio Solution File, Format Version 12.00
# Visual Studio 15
Project("{FAE04EC0-301F-11D3-BF4B-00C04F79EFBC}") = "Assembly-CSharp", "Assembly-CSharp.csproj", "{DDDD24F9-7BD1-CD36-67DA-1CF0E8525CB7}"
EndProject
Project("{FAE04EC0-301F-11D3-BF4B-00C04F79EFBC}") = "Assembly-CSharp-Editor", "Assembly-CSharp-Editor.csproj", "{B9A77014-E9D5-20CD-10D3-EEF668798140}"
EndProject
Global
	GlobalSection(SolutionConfigurationPlatforms) = preSolution
		Debug|Any CPU = Debug|Any CPU
		Release|Any CPU = Release|Any CPU
	EndGlobalSection
	GlobalSection(ProjectConfigurationPlatforms) = postSolution
		{DDDD24F9-7BD1-CD36-67DA-1CF0E8525CB7}.Debug|Any CPU.ActiveCfg = Debug|Any CPU
		{DDDD24F9-7BD1-CD36-67DA-1CF0E8525CB7}.Debug|Any CPU.Build.0 = Debug|Any CPU
		{DDDD24F9-7BD1-CD36-67DA-1CF0E8525CB7}.Release|Any CPU.ActiveCfg = Release|Any CPU
		{DDDD24F9-7BD1-CD36-67DA-1CF0E8525CB7}.Release|Any CPU.Build.0 = Release|Any CPU
		{B9A77014-E9D5-20CD-10D3-EEF668798140}.Debug|Any CPU.ActiveCfg = Debug|Any CPU
		{B9A77014-E9D5-20CD-10D3-EEF668798140}.Debug|Any CPU.Build.0 = Debug|Any CPU
		{B9A77014-E9D5-20CD-10D3-EEF668798140}.Release|Any CPU.ActiveCfg = Release|Any CPU
		{B9A77014-E9D5-20CD-10D3-EEF668798140}.Release|Any CPU.Build.0 = Release|Any CPU
	EndGlobalSection
	GlobalSection(SolutionProperties) = preSolution
		HideSolutionNode = FALSE
	EndGlobalSection
EndGlobal
